// !$*UTF8*$!
{
	archiveVersion = 1;
	classes = {
	};
	objectVersion = 46;
	objects = {

/* Begin PBXBuildFile section */
		883E34441F0DD5470020E66A /* R0003103.JPG in Resources */ = {isa = PBXBuildFile; fileRef = 883E34431F0DD5470020E66A /* R0003103.JPG */; };
		883E34451F0DD7A60020E66A /* R0003095.DNG in Resources */ = {isa = PBXBuildFile; fileRef = 883E34421F0DD2D60020E66A /* R0003095.DNG */; };
		88E88E6A1F0D4AC900785312 /* AppDelegate.swift in Sources */ = {isa = PBXBuildFile; fileRef = 88E88E691F0D4AC900785312 /* AppDelegate.swift */; };
		88E88E6C1F0D4AC900785312 /* ViewController.swift in Sources */ = {isa = PBXBuildFile; fileRef = 88E88E6B1F0D4AC900785312 /* ViewController.swift */; };
		88E88E6F1F0D4AC900785312 /* Main.storyboard in Resources */ = {isa = PBXBuildFile; fileRef = 88E88E6D1F0D4AC900785312 /* Main.storyboard */; };
		88E88E711F0D4AC900785312 /* Assets.xcassets in Resources */ = {isa = PBXBuildFile; fileRef = 88E88E701F0D4AC900785312 /* Assets.xcassets */; };
		88E88E741F0D4AC900785312 /* LaunchScreen.storyboard in Resources */ = {isa = PBXBuildFile; fileRef = 88E88E721F0D4AC900785312 /* LaunchScreen.storyboard */; };
/* End PBXBuildFile section */

/* Begin PBXFileReference section */
		883E34421F0DD2D60020E66A /* R0003095.DNG */ = {isa = PBXFileReference; lastKnownFileType = file; path = R0003095.DNG; sourceTree = "<group>"; };
		883E34431F0DD5470020E66A /* R0003103.JPG */ = {isa = PBXFileReference; lastKnownFileType = image.jpeg; path = R0003103.JPG; sourceTree = "<group>"; };
		88E88E661F0D4AC900785312 /* CGDemo.app */ = {isa = PBXFileReference; explicitFileType = wrapper.application; includeInIndex = 0; path = CGDemo.app; sourceTree = BUILT_PRODUCTS_DIR; };
		88E88E691F0D4AC900785312 /* AppDelegate.swift */ = {isa = PBXFileReference; lastKnownFileType = sourcecode.swift; path = AppDelegate.swift; sourceTree = "<group>"; };
		88E88E6B1F0D4AC900785312 /* ViewController.swift */ = {isa = PBXFileReference; lastKnownFileType = sourcecode.swift; path = ViewController.swift; sourceTree = "<group>"; };
		88E88E6E1F0D4AC900785312 /* Base */ = {isa = PBXFileReference; lastKnownFileType = file.storyboard; name = Base; path = Base.lproj/Main.storyboard; sourceTree = "<group>"; };
		88E88E701F0D4AC900785312 /* Assets.xcassets */ = {isa = PBXFileReference; lastKnownFileType = folder.assetcatalog; path = Assets.xcassets; sourceTree = "<group>"; };
		88E88E731F0D4AC900785312 /* Base */ = {isa = PBXFileReference; lastKnownFileType = file.storyboard; name = Base; path = Base.lproj/LaunchScreen.storyboard; sourceTree = "<group>"; };
		88E88E751F0D4AC900785312 /* Info.plist */ = {isa = PBXFileReference; lastKnownFileType = text.plist.xml; path = Info.plist; sourceTree = "<group>"; };
/* End PBXFileReference section */

/* Begin PBXFrameworksBuildPhase section */
		88E88E631F0D4AC900785312 /* Frameworks */ = {
			isa = PBXFrameworksBuildPhase;
			buildActionMask = 2147483647;
			files = (
			);
			runOnlyForDeploymentPostprocessing = 0;
		};
/* End PBXFrameworksBuildPhase section */

/* Begin PBXGroup section */
		88E88E5D1F0D4AC900785312 = {
			isa = PBXGroup;
			children = (
				88E88E681F0D4AC900785312 /* CGDemo */,
				88E88E671F0D4AC900785312 /* Products */,
			);
			sourceTree = "<group>";
		};
		88E88E671F0D4AC900785312 /* Products */ = {
			isa = PBXGroup;
			children = (
				88E88E661F0D4AC900785312 /* CGDemo.app */,
			);
			name = Products;
			sourceTree = "<group>";
		};
		88E88E681F0D4AC900785312 /* CGDemo */ = {
			isa = PBXGroup;
			children = (
				88E88E691F0D4AC900785312 /* AppDelegate.swift */,
				88E88E6B1F0D4AC900785312 /* ViewController.swift */,
				883E34421F0DD2D60020E66A /* R0003095.DNG */,
				883E34431F0DD5470020E66A /* R0003103.JPG */,
				88E88E6D1F0D4AC900785312 /* Main.storyboard */,
				88E88E701F0D4AC900785312 /* Assets.xcassets */,
				88E88E721F0D4AC900785312 /* LaunchScreen.storyboard */,
				88E88E751F0D4AC900785312 /* Info.plist */,
			);
			path = CGDemo;
			sourceTree = "<group>";
		};
/* End PBXGroup section */

/* Begin PBXNativeTarget section */
		88E88E651F0D4AC900785312 /* CGDemo */ = {
			isa = PBXNativeTarget;
			buildConfigurationList = 88E88E781F0D4AC900785312 /* Build configuration list for PBXNativeTarget "CGDemo" */;
			buildPhases = (
				88E88E621F0D4AC900785312 /* Sources */,
				88E88E631F0D4AC900785312 /* Frameworks */,
				88E88E641F0D4AC900785312 /* Resources */,
			);
			buildRules = (
			);
			dependencies = (
			);
			name = CGDemo;
			productName = CGDemo;
			productReference = 88E88E661F0D4AC900785312 /* CGDemo.app */;
			productType = "com.apple.product-type.application";
		};
/* End PBXNativeTarget section */

/* Begin PBXProject section */
		88E88E5E1F0D4AC900785312 /* Project object */ = {
			isa = PBXProject;
			attributes = {
				LastSwiftUpdateCheck = 0830;
				LastUpgradeCheck = 0830;
				ORGANIZATIONNAME = "Xiao Xiao";
				TargetAttributes = {
					88E88E651F0D4AC900785312 = {
						CreatedOnToolsVersion = 8.3.3;
						ProvisioningStyle = Automatic;
					};
				};
			};
			buildConfigurationList = 88E88E611F0D4AC900785312 /* Build configuration list for PBXProject "CGDemo" */;
			compatibilityVersion = "Xcode 3.2";
			developmentRegion = English;
			hasScannedForEncodings = 0;
			knownRegions = (
				en,
				Base,
			);
			mainGroup = 88E88E5D1F0D4AC900785312;
			productRefGroup = 88E88E671F0D4AC900785312 /* Products */;
			projectDirPath = "";
			projectRoot = "";
			targets = (
				88E88E651F0D4AC900785312 /* CGDemo */,
			);
		};
/* End PBXProject section */

/* Begin PBXResourcesBuildPhase section */
		88E88E641F0D4AC900785312 /* Resources */ = {
			isa = PBXResourcesBuildPhase;
			buildActionMask = 2147483647;
			files = (
				883E34441F0DD5470020E66A /* R0003103.JPG in Resources */,
				88E88E741F0D4AC900785312 /* LaunchScreen.storyboard in Resources */,
				88E88E711F0D4AC900785312 /* Assets.xcassets in Resources */,
				88E88E6F1F0D4AC900785312 /* Main.storyboard in Resources */,
				883E34451F0DD7A60020E66A /* R0003095.DNG in Resources */,
			);
			runOnlyForDeploymentPostprocessing = 0;
		};
/* End PBXResourcesBuildPhase section */

/* Begin PBXSourcesBuildPhase section */
		88E88E621F0D4AC900785312 /* Sources */ = {
			isa = PBXSourcesBuildPhase;
			buildActionMask = 2147483647;
			files = (
				88E88E6C1F0D4AC900785312 /* ViewController.swift in Sources */,
				88E88E6A1F0D4AC900785312 /* AppDelegate.swift in Sources */,
			);
			runOnlyForDeploymentPostprocessing = 0;
		};
/* End PBXSourcesBuildPhase section */

/* Begin PBXVariantGroup section */
		88E88E6D1F0D4AC900785312 /* Main.storyboard */ = {
			isa = PBXVariantGroup;
			children = (
				88E88E6E1F0D4AC900785312 /* Base */,
			);
			name = Main.storyboard;
			sourceTree = "<group>";
		};
		88E88E721F0D4AC900785312 /* LaunchScreen.storyboard */ = {
			isa = PBXVariantGroup;
			children = (
				88E88E731F0D4AC900785312 /* Base */,
			);
			name = LaunchScreen.storyboard;
			sourceTree = "<group>";
		};
/* End PBXVariantGroup section */

/* Begin XCBuildConfiguration section */
		88E88E761F0D4AC900785312 /* Debug */ = {
			isa = XCBuildConfiguration;
			buildSettings = {
				ALWAYS_SEARCH_USER_PATHS = NO;
				CLANG_ANALYZER_NONNULL = YES;
				CLANG_ANALYZER_NUMBER_OBJECT_CONVERSION = YES_AGGRESSIVE;
				CLANG_CXX_LANGUAGE_STANDARD = "gnu++0x";
				CLANG_CXX_LIBRARY = "libc++";
				CLANG_ENABLE_MODULES = YES;
				CLANG_ENABLE_OBJC_ARC = YES;
				CLANG_WARN_BOOL_CONVERSION = YES;
				CLANG_WARN_CONSTANT_CONVERSION = YES;
				CLANG_WARN_DIRECT_OBJC_ISA_USAGE = YES_ERROR;
				CLANG_WARN_DOCUMENTATION_COMMENTS = YES;
				CLANG_WARN_EMPTY_BODY = YES;
				CLANG_WARN_ENUM_CONVERSION = YES;
				CLANG_WARN_INFINITE_RECURSION = YES;
				CLANG_WARN_INT_CONVERSION = YES;
				CLANG_WARN_OBJC_ROOT_CLASS = YES_ERROR;
				CLANG_WARN_SUSPICIOUS_MOVE = YES;
				CLANG_WARN_UNREACHABLE_CODE = YES;
				CLANG_WARN__DUPLICATE_METHOD_MATCH = YES;
				"CODE_SIGN_IDENTITY[sdk=iphoneos*]" = "iPhone Developer";
				COPY_PHASE_STRIP = NO;
				DEBUG_INFORMATION_FORMAT = dwarf;
				ENABLE_STRICT_OBJC_MSGSEND = YES;
				ENABLE_TESTABILITY = YES;
				GCC_C_LANGUAGE_STANDARD = gnu99;
				GCC_DYNAMIC_NO_PIC = NO;
				GCC_NO_COMMON_BLOCKS = YES;
				GCC_OPTIMIZATION_LEVEL = 0;
				GCC_PREPROCESSOR_DEFINITIONS = (
					"DEBUG=1",
					"$(inherited)",
				);
				GCC_WARN_64_TO_32_BIT_CONVERSION = YES;
				GCC_WARN_ABOUT_RETURN_TYPE = YES_ERROR;
				GCC_WARN_UNDECLARED_SELECTOR = YES;
				GCC_WARN_UNINITIALIZED_AUTOS = YES_AGGRESSIVE;
				GCC_WARN_UNUSED_FUNCTION = YES;
				GCC_WARN_UNUSED_VARIABLE = YES;
				IPHONEOS_DEPLOYMENT_TARGET = 10.3;
				MTL_ENABLE_DEBUG_INFO = YES;
				ONLY_ACTIVE_ARCH = YES;
				SDKROOT = iphoneos;
				SWIFT_ACTIVE_COMPILATION_CONDITIONS = DEBUG;
				SWIFT_OPTIMIZATION_LEVEL = "-Onone";
				TARGETED_DEVICE_FAMILY = "1,2";
			};
			name = Debug;
		};
		88E88E771F0D4AC900785312 /* Release */ = {
			isa = XCBuildConfiguration;
			buildSettings = {
				ALWAYS_SEARCH_USER_PATHS = NO;
				CLANG_ANALYZER_NONNULL = YES;
				CLANG_ANALYZER_NUMBER_OBJECT_CONVERSION = YES_AGGRESSIVE;
				CLANG_CXX_LANGUAGE_STANDARD = "gnu++0x";
				CLANG_CXX_LIBRARY = "libc++";
				CLANG_ENABLE_MODULES = YES;
				CLANG_ENABLE_OBJC_ARC = YES;
				CLANG_WARN_BOOL_CONVERSION = YES;
				CLANG_WARN_CONSTANT_CONVERSION = YES;
				CLANG_WARN_DIRECT_OBJC_ISA_USAGE = YES_ERROR;
				CLANG_WARN_DOCUMENTATION_COMMENTS = YES;
				CLANG_WARN_EMPTY_BODY = YES;
				CLANG_WARN_ENUM_CONVERSION = YES;
				CLANG_WARN_INFINITE_RECURSION = YES;
				CLANG_WARN_INT_CONVERSION = YES;
				CLANG_WARN_OBJC_ROOT_CLASS = YES_ERROR;
				CLANG_WARN_SUSPICIOUS_MOVE = YES;
				CLANG_WARN_UNREACHABLE_CODE = YES;
				CLANG_WARN__DUPLICATE_METHOD_MATCH = YES;
				"CODE_SIGN_IDENTITY[sdk=iphoneos*]" = "iPhone Developer";
				COPY_PHASE_STRIP = NO;
				DEBUG_INFORMATION_FORMAT = "dwarf-with-dsym";
				ENABLE_NS_ASSERTIONS = NO;
				ENABLE_STRICT_OBJC_MSGSEND = YES;
				GCC_C_LANGUAGE_STANDARD = gnu99;
				GCC_NO_COMMON_BLOCKS = YES;
				GCC_WARN_64_TO_32_BIT_CONVERSION = YES;
				GCC_WARN_ABOUT_RETURN_TYPE = YES_ERROR;
				GCC_WARN_UNDECLARED_SELECTOR = YES;
				GCC_WARN_UNINITIALIZED_AUTOS = YES_AGGRESSIVE;
				GCC_WARN_UNUSED_FUNCTION = YES;
				GCC_WARN_UNUSED_VARIABLE = YES;
				IPHONEOS_DEPLOYMENT_TARGET = 10.3;
				MTL_ENABLE_DEBUG_INFO = NO;
				SDKROOT = iphoneos;
				SWIFT_OPTIMIZATION_LEVEL = "-Owholemodule";
				TARGETED_DEVICE_FAMILY = "1,2";
				VALIDATE_PRODUCT = YES;
			};
			name = Release;
		};
		88E88E791F0D4AC900785312 /* Debug */ = {
			isa = XCBuildConfiguration;
			buildSettings = {
				ASSETCATALOG_COMPILER_APPICON_NAME = AppIcon;
				INFOPLIST_FILE = CGDemo/Info.plist;
				LD_RUNPATH_SEARCH_PATHS = "$(inherited) @executable_path/Frameworks";
				PRODUCT_BUNDLE_IDENTIFIER = com.xiaoxiao.CGDemo;
				PRODUCT_NAME = "$(TARGET_NAME)";
				SWIFT_VERSION = 3.0;
			};
			name = Debug;
		};
		88E88E7A1F0D4AC900785312 /* Release */ = {
			isa = XCBuildConfiguration;
			buildSettings = {
				ASSETCATALOG_COMPILER_APPICON_NAME = AppIcon;
				INFOPLIST_FILE = CGDemo/Info.plist;
				LD_RUNPATH_SEARCH_PATHS = "$(inherited) @executable_path/Frameworks";
				PRODUCT_BUNDLE_IDENTIFIER = com.xiaoxiao.CGDemo;
				PRODUCT_NAME = "$(TARGET_NAME)";
				SWIFT_VERSION = 3.0;
			};
			name = Release;
		};
/* End XCBuildConfiguration section */

/* Begin XCConfigurationList section */
		88E88E611F0D4AC900785312 /* Build configuration list for PBXProject "CGDemo" */ = {
			isa = XCConfigurationList;
			buildConfigurations = (
				88E88E761F0D4AC900785312 /* Debug */,
				88E88E771F0D4AC900785312 /* Release */,
			);
			defaultConfigurationIsVisible = 0;
			defaultConfigurationName = Release;
		};
		88E88E781F0D4AC900785312 /* Build configuration list for PBXNativeTarget "CGDemo" */ = {
			isa = XCConfigurationList;
			buildConfigurations = (
				88E88E791F0D4AC900785312 /* Debug */,
				88E88E7A1F0D4AC900785312 /* Release */,
			);
			defaultConfigurationIsVisible = 0;
			defaultConfigurationName = Release;
		};
/* End XCConfigurationList section */
	};
	rootObject = 88E88E5E1F0D4AC900785312 /* Project object */;
}
